
Microsoft Visual Studio Solution File, Format Version 12.00
# Visual Studio Version 17
VisualStudioVersion = 17.5.33414.496
MinimumVisualStudioVersion = 10.0.40219.1
Project("{FAE04EC0-301F-11D3-BF4B-00C04F79EFBC}") = "Mensajero", "Mensajero\Mensajero.csproj", "{1CE56972-84B7-42BA-BCBE-E54BFA2A2E69}"
EndProject
Project("{FAE04EC0-301F-11D3-BF4B-00C04F79EFBC}") = "MensajeroModel", "MensajeroModel\MensajeroModel.csproj", "{1E3EA39E-CF3E-4D33-BF0C-A401D9751F68}"
EndProject
Project("{FAE04EC0-301F-11D3-BF4B-00C04F79EFBC}") = "ServidorSocketUtils", "ServidorSocketUtils\ServidorSocketUtils.csproj", "{DF504F4E-DD64-44BA-9503-3691AB7A23F9}"
EndProject
Global
	GlobalSection(SolutionConfigurationPlatforms) = preSolution
		Debug|Any CPU = Debug|Any CPU
		Release|Any CPU = Release|Any CPU
	EndGlobalSection
	GlobalSection(ProjectConfigurationPlatforms) = postSolution
		{1CE56972-84B7-42BA-BCBE-E54BFA2A2E69}.Debug|Any CPU.ActiveCfg = Debug|Any CPU
		{1CE56972-84B7-42BA-BCBE-E54BFA2A2E69}.Debug|Any CPU.Build.0 = Debug|Any CPU
		{1CE56972-84B7-42BA-BCBE-E54BFA2A2E69}.Release|Any CPU.ActiveCfg = Release|Any CPU
		{1CE56972-84B7-42BA-BCBE-E54BFA2A2E69}.Release|Any CPU.Build.0 = Release|Any CPU
		{1E3EA39E-CF3E-4D33-BF0C-A401D9751F68}.Debug|Any CPU.ActiveCfg = Debug|Any CPU
		{1E3EA39E-CF3E-4D33-BF0C-A401D9751F68}.Debug|Any CPU.Build.0 = Debug|Any CPU
		{1E3EA39E-CF3E-4D33-BF0C-A401D9751F68}.Release|Any CPU.ActiveCfg = Release|Any CPU
		{1E3EA39E-CF3E-4D33-BF0C-A401D9751F68}.Release|Any CPU.Build.0 = Release|Any CPU
		{DF504F4E-DD64-44BA-9503-3691AB7A23F9}.Debug|Any CPU.ActiveCfg = Debug|Any CPU
		{DF504F4E-DD64-44BA-9503-3691AB7A23F9}.Debug|Any CPU.Build.0 = Debug|Any CPU
		{DF504F4E-DD64-44BA-9503-3691AB7A23F9}.Release|Any CPU.ActiveCfg = Release|Any CPU
		{DF504F4E-DD64-44BA-9503-3691AB7A23F9}.Release|Any CPU.Build.0 = Release|Any CPU
	EndGlobalSection
	GlobalSection(SolutionProperties) = preSolution
		HideSolutionNode = FALSE
	EndGlobalSection
	GlobalSection(ExtensibilityGlobals) = postSolution
		SolutionGuid = {72AA99E3-B998-48D3-81D7-572B4C13B6A7}
	EndGlobalSection
EndGlobal
