
Microsoft Visual Studio Solution File, Format Version 12.00
# Visual Studio Version 17
VisualStudioVersion = 17.5.33414.496
MinimumVisualStudioVersion = 10.0.40219.1
Project("{FAE04EC0-301F-11D3-BF4B-00C04F79EFBC}") = "Ejercicio IMC", "Ejercicio IMC\Ejercicio IMC.csproj", "{70317AC5-FA97-44A9-8A92-917967E822D9}"
EndProject
Project("{FAE04EC0-301F-11D3-BF4B-00C04F79EFBC}") = "AdminPersonasModel", "AdminPersonasModel\AdminPersonasModel.csproj", "{8CC95BFE-257E-4ADC-A2F3-851199E243D7}"
EndProject
Global
	GlobalSection(SolutionConfigurationPlatforms) = preSolution
		Debug|Any CPU = Debug|Any CPU
		Release|Any CPU = Release|Any CPU
	EndGlobalSection
	GlobalSection(ProjectConfigurationPlatforms) = postSolution
		{70317AC5-FA97-44A9-8A92-917967E822D9}.Debug|Any CPU.ActiveCfg = Debug|Any CPU
		{70317AC5-FA97-44A9-8A92-917967E822D9}.Debug|Any CPU.Build.0 = Debug|Any CPU
		{70317AC5-FA97-44A9-8A92-917967E822D9}.Release|Any CPU.ActiveCfg = Release|Any CPU
		{70317AC5-FA97-44A9-8A92-917967E822D9}.Release|Any CPU.Build.0 = Release|Any CPU
		{8CC95BFE-257E-4ADC-A2F3-851199E243D7}.Debug|Any CPU.ActiveCfg = Debug|Any CPU
		{8CC95BFE-257E-4ADC-A2F3-851199E243D7}.Debug|Any CPU.Build.0 = Debug|Any CPU
		{8CC95BFE-257E-4ADC-A2F3-851199E243D7}.Release|Any CPU.ActiveCfg = Release|Any CPU
		{8CC95BFE-257E-4ADC-A2F3-851199E243D7}.Release|Any CPU.Build.0 = Release|Any CPU
	EndGlobalSection
	GlobalSection(SolutionProperties) = preSolution
		HideSolutionNode = FALSE
	EndGlobalSection
	GlobalSection(ExtensibilityGlobals) = postSolution
		SolutionGuid = {058C5D33-33C8-4848-93AC-0083AA8E7287}
	EndGlobalSection
EndGlobal
