
Microsoft Visual Studio Solution File, Format Version 12.00
# Visual Studio Version 17
VisualStudioVersion = 17.5.33414.496
MinimumVisualStudioVersion = 10.0.40219.1
Project("{FAE04EC0-301F-11D3-BF4B-00C04F79EFBC}") = "EventosWEB", "EventosWEB\EventosWEB.csproj", "{4498B555-CAEC-4E36-BB12-9FAA668C6C37}"
EndProject
Project("{FAE04EC0-301F-11D3-BF4B-00C04F79EFBC}") = "EventosModel", "EventosModel\EventosModel.csproj", "{947AB895-0310-453D-8979-B10C0B2F9D4A}"
EndProject
Global
	GlobalSection(SolutionConfigurationPlatforms) = preSolution
		Debug|Any CPU = Debug|Any CPU
		Release|Any CPU = Release|Any CPU
	EndGlobalSection
	GlobalSection(ProjectConfigurationPlatforms) = postSolution
		{4498B555-CAEC-4E36-BB12-9FAA668C6C37}.Debug|Any CPU.ActiveCfg = Debug|Any CPU
		{4498B555-CAEC-4E36-BB12-9FAA668C6C37}.Debug|Any CPU.Build.0 = Debug|Any CPU
		{4498B555-CAEC-4E36-BB12-9FAA668C6C37}.Release|Any CPU.ActiveCfg = Release|Any CPU
		{4498B555-CAEC-4E36-BB12-9FAA668C6C37}.Release|Any CPU.Build.0 = Release|Any CPU
		{947AB895-0310-453D-8979-B10C0B2F9D4A}.Debug|Any CPU.ActiveCfg = Debug|Any CPU
		{947AB895-0310-453D-8979-B10C0B2F9D4A}.Debug|Any CPU.Build.0 = Debug|Any CPU
		{947AB895-0310-453D-8979-B10C0B2F9D4A}.Release|Any CPU.ActiveCfg = Release|Any CPU
		{947AB895-0310-453D-8979-B10C0B2F9D4A}.Release|Any CPU.Build.0 = Release|Any CPU
	EndGlobalSection
	GlobalSection(SolutionProperties) = preSolution
		HideSolutionNode = FALSE
	EndGlobalSection
	GlobalSection(ExtensibilityGlobals) = postSolution
		SolutionGuid = {F4402D95-9E34-4222-A556-AD250F9AA718}
	EndGlobalSection
EndGlobal
